
Microsoft Visual Studio Solution File, Format Version 12.00
# Visual Studio Version 17
VisualStudioVersion = 17.10.35122.118
MinimumVisualStudioVersion = 10.0.40219.1
Project("{FAE04EC0-301F-11D3-BF4B-00C04F79EFBC}") = "TaskManagementSystem", "TaskManagementSystem\TaskManagementSystem.csproj", "{D839ACBF-181C-4F8D-80D6-7C3C8F3BFCA8}"
EndProject
Global
	GlobalSection(SolutionConfigurationPlatforms) = preSolution
		Debug|Any CPU = Debug|Any CPU
		Release|Any CPU = Release|Any CPU
	EndGlobalSection
	GlobalSection(ProjectConfigurationPlatforms) = postSolution
		{D839ACBF-181C-4F8D-80D6-7C3C8F3BFCA8}.Debug|Any CPU.ActiveCfg = Debug|Any CPU
		{D839ACBF-181C-4F8D-80D6-7C3C8F3BFCA8}.Debug|Any CPU.Build.0 = Debug|Any CPU
		{D839ACBF-181C-4F8D-80D6-7C3C8F3BFCA8}.Release|Any CPU.ActiveCfg = Release|Any CPU
		{D839ACBF-181C-4F8D-80D6-7C3C8F3BFCA8}.Release|Any CPU.Build.0 = Release|Any CPU
	EndGlobalSection
	GlobalSection(SolutionProperties) = preSolution
		HideSolutionNode = FALSE
	EndGlobalSection
	GlobalSection(ExtensibilityGlobals) = postSolution
		SolutionGuid = {45DB4748-E661-44BC-BE9D-8D5F1ACA38C8}
	EndGlobalSection
EndGlobal
